// !$*UTF8*$!
{
	archiveVersion = 1;
	classes = {
	};
	objectVersion = 48;
	objects = {

/* Begin PBXBuildFile section */
		7B16244F20358FF5004C0537 /* Signup+Handlers.swift in Sources */ = {isa = PBXBuildFile; fileRef = 7B16244E20358FF5004C0537 /* Signup+Handlers.swift */; };
		7B16245520362BDE004C0537 /* MainTabBarController.swift in Sources */ = {isa = PBXBuildFile; fileRef = 7B16245420362BDE004C0537 /* MainTabBarController.swift */; };
		7B16245720362C4E004C0537 /* UserProfileController.swift in Sources */ = {isa = PBXBuildFile; fileRef = 7B16245620362C4E004C0537 /* UserProfileController.swift */; };
		7B906FF92032F26800C1D477 /* AppDelegate.swift in Sources */ = {isa = PBXBuildFile; fileRef = 7B906FF82032F26800C1D477 /* AppDelegate.swift */; };
		7B906FFB2032F26800C1D477 /* LoginController.swift in Sources */ = {isa = PBXBuildFile; fileRef = 7B906FFA2032F26800C1D477 /* LoginController.swift */; };
		7B906FFE2032F26800C1D477 /* Main.storyboard in Resources */ = {isa = PBXBuildFile; fileRef = 7B906FFC2032F26800C1D477 /* Main.storyboard */; };
		7B9070002032F26800C1D477 /* Assets.xcassets in Resources */ = {isa = PBXBuildFile; fileRef = 7B906FFF2032F26800C1D477 /* Assets.xcassets */; };
		7B9070032032F26800C1D477 /* LaunchScreen.storyboard in Resources */ = {isa = PBXBuildFile; fileRef = 7B9070012032F26800C1D477 /* LaunchScreen.storyboard */; };
		7B90700B2034229100C1D477 /* UIView+Anchors.swift in Sources */ = {isa = PBXBuildFile; fileRef = 7B90700A2034229100C1D477 /* UIView+Anchors.swift */; };
		7B90701020342C3C00C1D477 /* UIColor+Helper.swift in Sources */ = {isa = PBXBuildFile; fileRef = 7B90700F20342C3C00C1D477 /* UIColor+Helper.swift */; };
		7B9070122034331D00C1D477 /* GoogleService-Info.plist in Resources */ = {isa = PBXBuildFile; fileRef = 7B9070112034331D00C1D477 /* GoogleService-Info.plist */; };
		D4EB67949EBEB1021E6F9055 /* Pods_instagram_firebase.framework in Frameworks */ = {isa = PBXBuildFile; fileRef = A817711FDDE75E9A774E6CAA /* Pods_instagram_firebase.framework */; };
/* End PBXBuildFile section */

/* Begin PBXFileReference section */
		218FEC3C8C3B4E19AFC14DF3 /* Pods-instagram_firebase.debug.xcconfig */ = {isa = PBXFileReference; includeInIndex = 1; lastKnownFileType = text.xcconfig; name = "Pods-instagram_firebase.debug.xcconfig"; path = "Pods/Target Support Files/Pods-instagram_firebase/Pods-instagram_firebase.debug.xcconfig"; sourceTree = "<group>"; };
		7B16244E20358FF5004C0537 /* Signup+Handlers.swift */ = {isa = PBXFileReference; lastKnownFileType = sourcecode.swift; path = "Signup+Handlers.swift"; sourceTree = "<group>"; };
		7B16245420362BDE004C0537 /* MainTabBarController.swift */ = {isa = PBXFileReference; lastKnownFileType = sourcecode.swift; path = MainTabBarController.swift; sourceTree = "<group>"; };
		7B16245620362C4E004C0537 /* UserProfileController.swift */ = {isa = PBXFileReference; lastKnownFileType = sourcecode.swift; path = UserProfileController.swift; sourceTree = "<group>"; };
		7B906FF52032F26800C1D477 /* instagram_firebase.app */ = {isa = PBXFileReference; explicitFileType = wrapper.application; includeInIndex = 0; path = instagram_firebase.app; sourceTree = BUILT_PRODUCTS_DIR; };
		7B906FF82032F26800C1D477 /* AppDelegate.swift */ = {isa = PBXFileReference; lastKnownFileType = sourcecode.swift; path = AppDelegate.swift; sourceTree = "<group>"; };
		7B906FFA2032F26800C1D477 /* LoginController.swift */ = {isa = PBXFileReference; lastKnownFileType = sourcecode.swift; path = LoginController.swift; sourceTree = "<group>"; };
		7B906FFD2032F26800C1D477 /* Base */ = {isa = PBXFileReference; lastKnownFileType = file.storyboard; name = Base; path = Base.lproj/Main.storyboard; sourceTree = "<group>"; };
		7B906FFF2032F26800C1D477 /* Assets.xcassets */ = {isa = PBXFileReference; lastKnownFileType = folder.assetcatalog; path = Assets.xcassets; sourceTree = "<group>"; };
		7B9070022032F26800C1D477 /* Base */ = {isa = PBXFileReference; lastKnownFileType = file.storyboard; name = Base; path = Base.lproj/LaunchScreen.storyboard; sourceTree = "<group>"; };
		7B9070042032F26800C1D477 /* Info.plist */ = {isa = PBXFileReference; lastKnownFileType = text.plist.xml; path = Info.plist; sourceTree = "<group>"; };
		7B90700A2034229100C1D477 /* UIView+Anchors.swift */ = {isa = PBXFileReference; lastKnownFileType = sourcecode.swift; path = "UIView+Anchors.swift"; sourceTree = "<group>"; };
		7B90700F20342C3C00C1D477 /* UIColor+Helper.swift */ = {isa = PBXFileReference; lastKnownFileType = sourcecode.swift; path = "UIColor+Helper.swift"; sourceTree = "<group>"; };
		7B9070112034331D00C1D477 /* GoogleService-Info.plist */ = {isa = PBXFileReference; fileEncoding = 4; lastKnownFileType = text.plist.xml; path = "GoogleService-Info.plist"; sourceTree = "<group>"; };
		802FC738EDE0C49112254C93 /* Pods-instagram_firebase.release.xcconfig */ = {isa = PBXFileReference; includeInIndex = 1; lastKnownFileType = text.xcconfig; name = "Pods-instagram_firebase.release.xcconfig"; path = "Pods/Target Support Files/Pods-instagram_firebase/Pods-instagram_firebase.release.xcconfig"; sourceTree = "<group>"; };
		A817711FDDE75E9A774E6CAA /* Pods_instagram_firebase.framework */ = {isa = PBXFileReference; explicitFileType = wrapper.framework; includeInIndex = 0; path = Pods_instagram_firebase.framework; sourceTree = BUILT_PRODUCTS_DIR; };
/* End PBXFileReference section */

/* Begin PBXFrameworksBuildPhase section */
		7B906FF22032F26800C1D477 /* Frameworks */ = {
			isa = PBXFrameworksBuildPhase;
			buildActionMask = 2147483647;
			files = (
				D4EB67949EBEB1021E6F9055 /* Pods_instagram_firebase.framework in Frameworks */,
			);
			runOnlyForDeploymentPostprocessing = 0;
		};
/* End PBXFrameworksBuildPhase section */

/* Begin PBXGroup section */
		09F7311A18C7C23287B12A74 /* Frameworks */ = {
			isa = PBXGroup;
			children = (
				A817711FDDE75E9A774E6CAA /* Pods_instagram_firebase.framework */,
			);
			name = Frameworks;
			sourceTree = "<group>";
		};
		11F3384B8B1D452BA06185B3 /* Pods */ = {
			isa = PBXGroup;
			children = (
				218FEC3C8C3B4E19AFC14DF3 /* Pods-instagram_firebase.debug.xcconfig */,
				802FC738EDE0C49112254C93 /* Pods-instagram_firebase.release.xcconfig */,
			);
			name = Pods;
			sourceTree = "<group>";
		};
		7B162453203625AA004C0537 /* LoginController */ = {
			isa = PBXGroup;
			children = (
				7B906FFA2032F26800C1D477 /* LoginController.swift */,
				7B16244E20358FF5004C0537 /* Signup+Handlers.swift */,
			);
			name = LoginController;
			sourceTree = "<group>";
		};
		7B906FEC2032F26800C1D477 = {
			isa = PBXGroup;
			children = (
				7B906FF72032F26800C1D477 /* instagram_firebase */,
				7B906FF62032F26800C1D477 /* Products */,
				11F3384B8B1D452BA06185B3 /* Pods */,
				09F7311A18C7C23287B12A74 /* Frameworks */,
			);
			sourceTree = "<group>";
		};
		7B906FF62032F26800C1D477 /* Products */ = {
			isa = PBXGroup;
			children = (
				7B906FF52032F26800C1D477 /* instagram_firebase.app */,
			);
			name = Products;
			sourceTree = "<group>";
		};
		7B906FF72032F26800C1D477 /* instagram_firebase */ = {
			isa = PBXGroup;
			children = (
				7B16245620362C4E004C0537 /* UserProfileController.swift */,
				7B162453203625AA004C0537 /* LoginController */,
				7B16245420362BDE004C0537 /* MainTabBarController.swift */,
				7B906FF82032F26800C1D477 /* AppDelegate.swift */,
				7B90700E2034234200C1D477 /* helpers */,
				7B906FFF2032F26800C1D477 /* Assets.xcassets */,
				7B906FFC2032F26800C1D477 /* Main.storyboard */,
				7B9070012032F26800C1D477 /* LaunchScreen.storyboard */,
				7B9070042032F26800C1D477 /* Info.plist */,
				7B9070112034331D00C1D477 /* GoogleService-Info.plist */,
			);
			path = instagram_firebase;
			sourceTree = "<group>";
		};
		7B90700E2034234200C1D477 /* helpers */ = {
			isa = PBXGroup;
			children = (
				7B90700A2034229100C1D477 /* UIView+Anchors.swift */,
				7B90700F20342C3C00C1D477 /* UIColor+Helper.swift */,
			);
			name = helpers;
			sourceTree = "<group>";
		};
/* End PBXGroup section */

/* Begin PBXNativeTarget section */
		7B906FF42032F26800C1D477 /* instagram_firebase */ = {
			isa = PBXNativeTarget;
			buildConfigurationList = 7B9070072032F26800C1D477 /* Build configuration list for PBXNativeTarget "instagram_firebase" */;
			buildPhases = (
				BBD9C9AECEE2A291B58D0827 /* [CP] Check Pods Manifest.lock */,
				7B906FF12032F26800C1D477 /* Sources */,
				7B906FF22032F26800C1D477 /* Frameworks */,
				7B906FF32032F26800C1D477 /* Resources */,
				D96C4740D8622C972D2AF1B3 /* [CP] Embed Pods Frameworks */,
				4606F16C9070347E67B9E651 /* [CP] Copy Pods Resources */,
			);
			buildRules = (
			);
			dependencies = (
			);
			name = instagram_firebase;
			productName = instagram_firebase;
			productReference = 7B906FF52032F26800C1D477 /* instagram_firebase.app */;
			productType = "com.apple.product-type.application";
		};
/* End PBXNativeTarget section */

/* Begin PBXProject section */
		7B906FED2032F26800C1D477 /* Project object */ = {
			isa = PBXProject;
			attributes = {
				LastSwiftUpdateCheck = 0920;
				LastUpgradeCheck = 0920;
				ORGANIZATIONNAME = "Qichen Huang";
				TargetAttributes = {
					7B906FF42032F26800C1D477 = {
						CreatedOnToolsVersion = 9.2;
						ProvisioningStyle = Automatic;
					};
				};
			};
			buildConfigurationList = 7B906FF02032F26800C1D477 /* Build configuration list for PBXProject "instagram_firebase" */;
			compatibilityVersion = "Xcode 8.0";
			developmentRegion = en;
			hasScannedForEncodings = 0;
			knownRegions = (
				en,
				Base,
			);
			mainGroup = 7B906FEC2032F26800C1D477;
			productRefGroup = 7B906FF62032F26800C1D477 /* Products */;
			projectDirPath = "";
			projectRoot = "";
			targets = (
				7B906FF42032F26800C1D477 /* instagram_firebase */,
			);
		};
/* End PBXProject section */

/* Begin PBXResourcesBuildPhase section */
		7B906FF32032F26800C1D477 /* Resources */ = {
			isa = PBXResourcesBuildPhase;
			buildActionMask = 2147483647;
			files = (
				7B9070032032F26800C1D477 /* LaunchScreen.storyboard in Resources */,
				7B9070122034331D00C1D477 /* GoogleService-Info.plist in Resources */,
				7B9070002032F26800C1D477 /* Assets.xcassets in Resources */,
				7B906FFE2032F26800C1D477 /* Main.storyboard in Resources */,
			);
			runOnlyForDeploymentPostprocessing = 0;
		};
/* End PBXResourcesBuildPhase section */

/* Begin PBXShellScriptBuildPhase section */
		4606F16C9070347E67B9E651 /* [CP] Copy Pods Resources */ = {
			isa = PBXShellScriptBuildPhase;
			buildActionMask = 2147483647;
			files = (
			);
			inputPaths = (
			);
			name = "[CP] Copy Pods Resources";
			outputPaths = (
			);
			runOnlyForDeploymentPostprocessing = 0;
			shellPath = /bin/sh;
			shellScript = "\"${SRCROOT}/Pods/Target Support Files/Pods-instagram_firebase/Pods-instagram_firebase-resources.sh\"\n";
			showEnvVarsInLog = 0;
		};
		BBD9C9AECEE2A291B58D0827 /* [CP] Check Pods Manifest.lock */ = {
			isa = PBXShellScriptBuildPhase;
			buildActionMask = 2147483647;
			files = (
			);
			inputPaths = (
				"${PODS_PODFILE_DIR_PATH}/Podfile.lock",
				"${PODS_ROOT}/Manifest.lock",
			);
			name = "[CP] Check Pods Manifest.lock";
			outputPaths = (
				"$(DERIVED_FILE_DIR)/Pods-instagram_firebase-checkManifestLockResult.txt",
			);
			runOnlyForDeploymentPostprocessing = 0;
			shellPath = /bin/sh;
			shellScript = "diff \"${PODS_PODFILE_DIR_PATH}/Podfile.lock\" \"${PODS_ROOT}/Manifest.lock\" > /dev/null\nif [ $? != 0 ] ; then\n    # print error to STDERR\n    echo \"error: The sandbox is not in sync with the Podfile.lock. Run 'pod install' or update your CocoaPods installation.\" >&2\n    exit 1\nfi\n# This output is used by Xcode 'outputs' to avoid re-running this script phase.\necho \"SUCCESS\" > \"${SCRIPT_OUTPUT_FILE_0}\"\n";
			showEnvVarsInLog = 0;
		};
		D96C4740D8622C972D2AF1B3 /* [CP] Embed Pods Frameworks */ = {
			isa = PBXShellScriptBuildPhase;
			buildActionMask = 2147483647;
			files = (
			);
			inputPaths = (
				"${SRCROOT}/Pods/Target Support Files/Pods-instagram_firebase/Pods-instagram_firebase-frameworks.sh",
				"${BUILT_PRODUCTS_DIR}/GTMSessionFetcher/GTMSessionFetcher.framework",
				"${BUILT_PRODUCTS_DIR}/GoogleToolboxForMac/GoogleToolboxForMac.framework",
				"${BUILT_PRODUCTS_DIR}/leveldb-library/leveldb.framework",
				"${BUILT_PRODUCTS_DIR}/nanopb/nanopb.framework",
			);
			name = "[CP] Embed Pods Frameworks";
			outputPaths = (
				"${TARGET_BUILD_DIR}/${FRAMEWORKS_FOLDER_PATH}/GTMSessionFetcher.framework",
				"${TARGET_BUILD_DIR}/${FRAMEWORKS_FOLDER_PATH}/GoogleToolboxForMac.framework",
				"${TARGET_BUILD_DIR}/${FRAMEWORKS_FOLDER_PATH}/leveldb.framework",
				"${TARGET_BUILD_DIR}/${FRAMEWORKS_FOLDER_PATH}/nanopb.framework",
			);
			runOnlyForDeploymentPostprocessing = 0;
			shellPath = /bin/sh;
			shellScript = "\"${SRCROOT}/Pods/Target Support Files/Pods-instagram_firebase/Pods-instagram_firebase-frameworks.sh\"\n";
			showEnvVarsInLog = 0;
		};
/* End PBXShellScriptBuildPhase section */

/* Begin PBXSourcesBuildPhase section */
		7B906FF12032F26800C1D477 /* Sources */ = {
			isa = PBXSourcesBuildPhase;
			buildActionMask = 2147483647;
			files = (
				7B906FFB2032F26800C1D477 /* LoginController.swift in Sources */,
				7B16244F20358FF5004C0537 /* Signup+Handlers.swift in Sources */,
				7B16245520362BDE004C0537 /* MainTabBarController.swift in Sources */,
				7B90700B2034229100C1D477 /* UIView+Anchors.swift in Sources */,
				7B16245720362C4E004C0537 /* UserProfileController.swift in Sources */,
				7B906FF92032F26800C1D477 /* AppDelegate.swift in Sources */,
				7B90701020342C3C00C1D477 /* UIColor+Helper.swift in Sources */,
			);
			runOnlyForDeploymentPostprocessing = 0;
		};
/* End PBXSourcesBuildPhase section */

/* Begin PBXVariantGroup section */
		7B906FFC2032F26800C1D477 /* Main.storyboard */ = {
			isa = PBXVariantGroup;
			children = (
				7B906FFD2032F26800C1D477 /* Base */,
			);
			name = Main.storyboard;
			sourceTree = "<group>";
		};
		7B9070012032F26800C1D477 /* LaunchScreen.storyboard */ = {
			isa = PBXVariantGroup;
			children = (
				7B9070022032F26800C1D477 /* Base */,
			);
			name = LaunchScreen.storyboard;
			sourceTree = "<group>";
		};
/* End PBXVariantGroup section */

/* Begin XCBuildConfiguration section */
		7B9070052032F26800C1D477 /* Debug */ = {
			isa = XCBuildConfiguration;
			buildSettings = {
				ALWAYS_SEARCH_USER_PATHS = NO;
				CLANG_ANALYZER_NONNULL = YES;
				CLANG_ANALYZER_NUMBER_OBJECT_CONVERSION = YES_AGGRESSIVE;
				CLANG_CXX_LANGUAGE_STANDARD = "gnu++14";
				CLANG_CXX_LIBRARY = "libc++";
				CLANG_ENABLE_MODULES = YES;
				CLANG_ENABLE_OBJC_ARC = YES;
				CLANG_WARN_BLOCK_CAPTURE_AUTORELEASING = YES;
				CLANG_WARN_BOOL_CONVERSION = YES;
				CLANG_WARN_COMMA = YES;
				CLANG_WARN_CONSTANT_CONVERSION = YES;
				CLANG_WARN_DIRECT_OBJC_ISA_USAGE = YES_ERROR;
				CLANG_WARN_DOCUMENTATION_COMMENTS = YES;
				CLANG_WARN_EMPTY_BODY = YES;
				CLANG_WARN_ENUM_CONVERSION = YES;
				CLANG_WARN_INFINITE_RECURSION = YES;
				CLANG_WARN_INT_CONVERSION = YES;
				CLANG_WARN_NON_LITERAL_NULL_CONVERSION = YES;
				CLANG_WARN_OBJC_LITERAL_CONVERSION = YES;
				CLANG_WARN_OBJC_ROOT_CLASS = YES_ERROR;
				CLANG_WARN_RANGE_LOOP_ANALYSIS = YES;
				CLANG_WARN_STRICT_PROTOTYPES = YES;
				CLANG_WARN_SUSPICIOUS_MOVE = YES;
				CLANG_WARN_UNGUARDED_AVAILABILITY = YES_AGGRESSIVE;
				CLANG_WARN_UNREACHABLE_CODE = YES;
				CLANG_WARN__DUPLICATE_METHOD_MATCH = YES;
				CODE_SIGN_IDENTITY = "iPhone Developer";
				COPY_PHASE_STRIP = NO;
				DEBUG_INFORMATION_FORMAT = dwarf;
				ENABLE_STRICT_OBJC_MSGSEND = YES;
				ENABLE_TESTABILITY = YES;
				GCC_C_LANGUAGE_STANDARD = gnu11;
				GCC_DYNAMIC_NO_PIC = NO;
				GCC_NO_COMMON_BLOCKS = YES;
				GCC_OPTIMIZATION_LEVEL = 0;
				GCC_PREPROCESSOR_DEFINITIONS = (
					"DEBUG=1",
					"$(inherited)",
				);
				GCC_WARN_64_TO_32_BIT_CONVERSION = YES;
				GCC_WARN_ABOUT_RETURN_TYPE = YES_ERROR;
				GCC_WARN_UNDECLARED_SELECTOR = YES;
				GCC_WARN_UNINITIALIZED_AUTOS = YES_AGGRESSIVE;
				GCC_WARN_UNUSED_FUNCTION = YES;
				GCC_WARN_UNUSED_VARIABLE = YES;
				IPHONEOS_DEPLOYMENT_TARGET = 11.2;
				MTL_ENABLE_DEBUG_INFO = YES;
				ONLY_ACTIVE_ARCH = YES;
				SDKROOT = iphoneos;
				SWIFT_ACTIVE_COMPILATION_CONDITIONS = DEBUG;
				SWIFT_OPTIMIZATION_LEVEL = "-Onone";
			};
			name = Debug;
		};
		7B9070062032F26800C1D477 /* Release */ = {
			isa = XCBuildConfiguration;
			buildSettings = {
				ALWAYS_SEARCH_USER_PATHS = NO;
				CLANG_ANALYZER_NONNULL = YES;
				CLANG_ANALYZER_NUMBER_OBJECT_CONVERSION = YES_AGGRESSIVE;
				CLANG_CXX_LANGUAGE_STANDARD = "gnu++14";
				CLANG_CXX_LIBRARY = "libc++";
				CLANG_ENABLE_MODULES = YES;
				CLANG_ENABLE_OBJC_ARC = YES;
				CLANG_WARN_BLOCK_CAPTURE_AUTORELEASING = YES;
				CLANG_WARN_BOOL_CONVERSION = YES;
				CLANG_WARN_COMMA = YES;
				CLANG_WARN_CONSTANT_CONVERSION = YES;
				CLANG_WARN_DIRECT_OBJC_ISA_USAGE = YES_ERROR;
				CLANG_WARN_DOCUMENTATION_COMMENTS = YES;
				CLANG_WARN_EMPTY_BODY = YES;
				CLANG_WARN_ENUM_CONVERSION = YES;
				CLANG_WARN_INFINITE_RECURSION = YES;
				CLANG_WARN_INT_CONVERSION = YES;
				CLANG_WARN_NON_LITERAL_NULL_CONVERSION = YES;
				CLANG_WARN_OBJC_LITERAL_CONVERSION = YES;
				CLANG_WARN_OBJC_ROOT_CLASS = YES_ERROR;
				CLANG_WARN_RANGE_LOOP_ANALYSIS = YES;
				CLANG_WARN_STRICT_PROTOTYPES = YES;
				CLANG_WARN_SUSPICIOUS_MOVE = YES;
				CLANG_WARN_UNGUARDED_AVAILABILITY = YES_AGGRESSIVE;
				CLANG_WARN_UNREACHABLE_CODE = YES;
				CLANG_WARN__DUPLICATE_METHOD_MATCH = YES;
				CODE_SIGN_IDENTITY = "iPhone Developer";
				COPY_PHASE_STRIP = NO;
				DEBUG_INFORMATION_FORMAT = "dwarf-with-dsym";
				ENABLE_NS_ASSERTIONS = NO;
				ENABLE_STRICT_OBJC_MSGSEND = YES;
				GCC_C_LANGUAGE_STANDARD = gnu11;
				GCC_NO_COMMON_BLOCKS = YES;
				GCC_WARN_64_TO_32_BIT_CONVERSION = YES;
				GCC_WARN_ABOUT_RETURN_TYPE = YES_ERROR;
				GCC_WARN_UNDECLARED_SELECTOR = YES;
				GCC_WARN_UNINITIALIZED_AUTOS = YES_AGGRESSIVE;
				GCC_WARN_UNUSED_FUNCTION = YES;
				GCC_WARN_UNUSED_VARIABLE = YES;
				IPHONEOS_DEPLOYMENT_TARGET = 11.2;
				MTL_ENABLE_DEBUG_INFO = NO;
				SDKROOT = iphoneos;
				SWIFT_OPTIMIZATION_LEVEL = "-Owholemodule";
				VALIDATE_PRODUCT = YES;
			};
			name = Release;
		};
		7B9070082032F26800C1D477 /* Debug */ = {
			isa = XCBuildConfiguration;
			baseConfigurationReference = 218FEC3C8C3B4E19AFC14DF3 /* Pods-instagram_firebase.debug.xcconfig */;
			buildSettings = {
				ASSETCATALOG_COMPILER_APPICON_NAME = AppIcon;
				CODE_SIGN_STYLE = Automatic;
				DEVELOPMENT_TEAM = M993KE8Y7Q;
				INFOPLIST_FILE = instagram_firebase/Info.plist;
				LD_RUNPATH_SEARCH_PATHS = "$(inherited) @executable_path/Frameworks";
				PRODUCT_BUNDLE_IDENTIFIER = "com.geek.Dice.instagram-firebase";
				PRODUCT_NAME = "$(TARGET_NAME)";
				SWIFT_VERSION = 4.0;
				TARGETED_DEVICE_FAMILY = "1,2";
			};
			name = Debug;
		};
		7B9070092032F26800C1D477 /* Release */ = {
			isa = XCBuildConfiguration;
			baseConfigurationReference = 802FC738EDE0C49112254C93 /* Pods-instagram_firebase.release.xcconfig */;
			buildSettings = {
				ASSETCATALOG_COMPILER_APPICON_NAME = AppIcon;
				CODE_SIGN_STYLE = Automatic;
				DEVELOPMENT_TEAM = M993KE8Y7Q;
				INFOPLIST_FILE = instagram_firebase/Info.plist;
				LD_RUNPATH_SEARCH_PATHS = "$(inherited) @executable_path/Frameworks";
				PRODUCT_BUNDLE_IDENTIFIER = "com.geek.Dice.instagram-firebase";
				PRODUCT_NAME = "$(TARGET_NAME)";
				SWIFT_VERSION = 4.0;
				TARGETED_DEVICE_FAMILY = "1,2";
			};
			name = Release;
		};
/* End XCBuildConfiguration section */

/* Begin XCConfigurationList section */
		7B906FF02032F26800C1D477 /* Build configuration list for PBXProject "instagram_firebase" */ = {
			isa = XCConfigurationList;
			buildConfigurations = (
				7B9070052032F26800C1D477 /* Debug */,
				7B9070062032F26800C1D477 /* Release */,
			);
			defaultConfigurationIsVisible = 0;
			defaultConfigurationName = Release;
		};
		7B9070072032F26800C1D477 /* Build configuration list for PBXNativeTarget "instagram_firebase" */ = {
			isa = XCConfigurationList;
			buildConfigurations = (
				7B9070082032F26800C1D477 /* Debug */,
				7B9070092032F26800C1D477 /* Release */,
			);
			defaultConfigurationIsVisible = 0;
			defaultConfigurationName = Release;
		};
/* End XCConfigurationList section */
	};
	rootObject = 7B906FED2032F26800C1D477 /* Project object */;
}
